
Microsoft Visual Studio Solution File, Format Version 12.00
# Visual Studio Version 16
VisualStudioVersion = 16.0.30114.105
MinimumVisualStudioVersion = 10.0.40219.1
Project("{2150E333-8FDC-42A3-9474-1A3956D46DE8}") = "src", "src", "{ED661661-5888-4E86-A63A-40C3A34310F6}"
EndProject
Project("{FAE04EC0-301F-11D3-BF4B-00C04F79EFBC}") = "Application", "src\Application\Application.csproj", "{5CB335CC-63EF-4EBF-B118-7ECC9733A4A5}"
EndProject
Global
	GlobalSection(SolutionConfigurationPlatforms) = preSolution
		Debug|Any CPU = Debug|Any CPU
		Release|Any CPU = Release|Any CPU
	EndGlobalSection
	GlobalSection(SolutionProperties) = preSolution
		HideSolutionNode = FALSE
	EndGlobalSection
	GlobalSection(ProjectConfigurationPlatforms) = postSolution
		{5CB335CC-63EF-4EBF-B118-7ECC9733A4A5}.Debug|Any CPU.ActiveCfg = Debug|Any CPU
		{5CB335CC-63EF-4EBF-B118-7ECC9733A4A5}.Debug|Any CPU.Build.0 = Debug|Any CPU
		{5CB335CC-63EF-4EBF-B118-7ECC9733A4A5}.Release|Any CPU.ActiveCfg = Release|Any CPU
		{5CB335CC-63EF-4EBF-B118-7ECC9733A4A5}.Release|Any CPU.Build.0 = Release|Any CPU
	EndGlobalSection
	GlobalSection(NestedProjects) = preSolution
		{5CB335CC-63EF-4EBF-B118-7ECC9733A4A5} = {ED661661-5888-4E86-A63A-40C3A34310F6}
	EndGlobalSection
EndGlobal
