
Microsoft Visual Studio Solution File, Format Version 12.00
# Visual Studio Version 17
VisualStudioVersion = 17.5.002.0
MinimumVisualStudioVersion = 10.0.40219.1
Project("{9A19103F-16F7-4668-BE54-9A1E7A4F7556}") = "DAL", "DAL\DAL.csproj", "{A003EECE-1ABB-475D-AA83-87ABAE02BFE5}"
EndProject
Project("{9A19103F-16F7-4668-BE54-9A1E7A4F7556}") = "api", "Application\api.csproj", "{C78B5654-8FB9-4A82-B453-F83C3129B1D6}"
EndProject
Global
	GlobalSection(SolutionConfigurationPlatforms) = preSolution
		Debug|Any CPU = Debug|Any CPU
		Release|Any CPU = Release|Any CPU
	EndGlobalSection
	GlobalSection(ProjectConfigurationPlatforms) = postSolution
		{A003EECE-1ABB-475D-AA83-87ABAE02BFE5}.Debug|Any CPU.ActiveCfg = Debug|Any CPU
		{A003EECE-1ABB-475D-AA83-87ABAE02BFE5}.Debug|Any CPU.Build.0 = Debug|Any CPU
		{A003EECE-1ABB-475D-AA83-87ABAE02BFE5}.Release|Any CPU.ActiveCfg = Release|Any CPU
		{A003EECE-1ABB-475D-AA83-87ABAE02BFE5}.Release|Any CPU.Build.0 = Release|Any CPU
		{C78B5654-8FB9-4A82-B453-F83C3129B1D6}.Debug|Any CPU.ActiveCfg = Debug|Any CPU
		{C78B5654-8FB9-4A82-B453-F83C3129B1D6}.Debug|Any CPU.Build.0 = Debug|Any CPU
		{C78B5654-8FB9-4A82-B453-F83C3129B1D6}.Release|Any CPU.ActiveCfg = Release|Any CPU
		{C78B5654-8FB9-4A82-B453-F83C3129B1D6}.Release|Any CPU.Build.0 = Release|Any CPU
	EndGlobalSection
	GlobalSection(SolutionProperties) = preSolution
		HideSolutionNode = FALSE
	EndGlobalSection
	GlobalSection(ExtensibilityGlobals) = postSolution
		SolutionGuid = {D1784764-C461-4FEE-93D6-2C90DCEC7119}
	EndGlobalSection
EndGlobal
