
Microsoft Visual Studio Solution File, Format Version 12.00
# Visual Studio Version 17
VisualStudioVersion = 17.0.31903.59
MinimumVisualStudioVersion = 10.0.40219.1
Project("{FAE04EC0-301F-11D3-BF4B-00C04F79EFBC}") = "SqlDocker", "src\SqlDocker.csproj", "{CD39C98E-DEA9-447B-AA70-212145760638}"
EndProject
Project("{FAE04EC0-301F-11D3-BF4B-00C04F79EFBC}") = "SqlDockerTest", "tests\SqlDockerTest.csproj", "{F3D0FC8F-8ACC-4A59-86EA-036438E40212}"
EndProject
Global
	GlobalSection(SolutionConfigurationPlatforms) = preSolution
		Debug|Any CPU = Debug|Any CPU
		Release|Any CPU = Release|Any CPU
	EndGlobalSection
	GlobalSection(SolutionProperties) = preSolution
		HideSolutionNode = FALSE
	EndGlobalSection
	GlobalSection(ProjectConfigurationPlatforms) = postSolution
		{CD39C98E-DEA9-447B-AA70-212145760638}.Debug|Any CPU.ActiveCfg = Debug|Any CPU
		{CD39C98E-DEA9-447B-AA70-212145760638}.Debug|Any CPU.Build.0 = Debug|Any CPU
		{CD39C98E-DEA9-447B-AA70-212145760638}.Release|Any CPU.ActiveCfg = Release|Any CPU
		{CD39C98E-DEA9-447B-AA70-212145760638}.Release|Any CPU.Build.0 = Release|Any CPU
		{F3D0FC8F-8ACC-4A59-86EA-036438E40212}.Debug|Any CPU.ActiveCfg = Debug|Any CPU
		{F3D0FC8F-8ACC-4A59-86EA-036438E40212}.Debug|Any CPU.Build.0 = Debug|Any CPU
		{F3D0FC8F-8ACC-4A59-86EA-036438E40212}.Release|Any CPU.ActiveCfg = Release|Any CPU
		{F3D0FC8F-8ACC-4A59-86EA-036438E40212}.Release|Any CPU.Build.0 = Release|Any CPU
	EndGlobalSection
EndGlobal
