Microsoft Visual Studio Solution File, Format Version 12.00
# Visual Studio 2012
Project("{FAE04EC0-301F-11D3-BF4B-00C04F79EFBC}") = "Rotations", "Rotations.csproj", "{F67E28B8-6B75-4702-8D33-08A5989C4483}"
EndProject
Global
	GlobalSection(SolutionConfigurationPlatforms) = preSolution
	Debug|Any CPU = Debug|Any CPU
	ExportDebug|Any CPU = ExportDebug|Any CPU
	ExportRelease|Any CPU = ExportRelease|Any CPU
	EndGlobalSection
	GlobalSection(ProjectConfigurationPlatforms) = postSolution
		{F67E28B8-6B75-4702-8D33-08A5989C4483}.Debug|Any CPU.ActiveCfg = Debug|Any CPU
		{F67E28B8-6B75-4702-8D33-08A5989C4483}.Debug|Any CPU.Build.0 = Debug|Any CPU
		{F67E28B8-6B75-4702-8D33-08A5989C4483}.ExportDebug|Any CPU.ActiveCfg = ExportDebug|Any CPU
		{F67E28B8-6B75-4702-8D33-08A5989C4483}.ExportDebug|Any CPU.Build.0 = ExportDebug|Any CPU
		{F67E28B8-6B75-4702-8D33-08A5989C4483}.ExportRelease|Any CPU.ActiveCfg = ExportRelease|Any CPU
		{F67E28B8-6B75-4702-8D33-08A5989C4483}.ExportRelease|Any CPU.Build.0 = ExportRelease|Any CPU
	EndGlobalSection
EndGlobal
